
Microsoft Visual Studio Solution File, Format Version 12.00
# Visual Studio Version 17
VisualStudioVersion = 17.3.32825.248
MinimumVisualStudioVersion = 10.0.40219.1
Project("{FAE04EC0-301F-11D3-BF4B-00C04F79EFBC}") = "ASP.NETCoreWebAPICRUD", "ASP.NETCoreWebAPICRUDWithEntityFramework\ASP.NETCoreWebAPICRUD.csproj", "{6FE56438-D369-4F93-9565-D4196ACA1D12}"
EndProject
Global
	GlobalSection(SolutionConfigurationPlatforms) = preSolution
		Debug|Any CPU = Debug|Any CPU
		Release|Any CPU = Release|Any CPU
	EndGlobalSection
	GlobalSection(ProjectConfigurationPlatforms) = postSolution
		{6FE56438-D369-4F93-9565-D4196ACA1D12}.Debug|Any CPU.ActiveCfg = Debug|Any CPU
		{6FE56438-D369-4F93-9565-D4196ACA1D12}.Debug|Any CPU.Build.0 = Debug|Any CPU
		{6FE56438-D369-4F93-9565-D4196ACA1D12}.Release|Any CPU.ActiveCfg = Release|Any CPU
		{6FE56438-D369-4F93-9565-D4196ACA1D12}.Release|Any CPU.Build.0 = Release|Any CPU
	EndGlobalSection
	GlobalSection(SolutionProperties) = preSolution
		HideSolutionNode = FALSE
	EndGlobalSection
	GlobalSection(ExtensibilityGlobals) = postSolution
		SolutionGuid = {D56ACFAF-3A61-4056-8312-75B9E0C7B410}
	EndGlobalSection
EndGlobal
